
Microsoft Visual Studio Solution File, Format Version 12.00
# Visual Studio Version 16
VisualStudioVersion = 16.0.30717.126
MinimumVisualStudioVersion = 10.0.40219.1
Project("{FAE04EC0-301F-11D3-BF4B-00C04F79EFBC}") = "DataHoarder.Bootstrapper", "DataHoarder.Bootstrapper\DataHoarder.Bootstrapper.csproj", "{45314DC5-24CA-47F4-A155-454136EFBA56}"
EndProject
Project("{FAE04EC0-301F-11D3-BF4B-00C04F79EFBC}") = "DataHoarder.Modules.Air.Api", "DataHoarder.Modules.Air.Api\DataHoarder.Modules.Air.Api.csproj", "{1B6609C8-996D-447B-A57D-D194572967BE}"
EndProject
Project("{FAE04EC0-301F-11D3-BF4B-00C04F79EFBC}") = "DataHoarder.Shared.Infrastructure", "DataHoarder.Shared.Infrastructure\DataHoarder.Shared.Infrastructure.csproj", "{D426D988-BC79-4D73-A229-C8815A56BFD6}"
EndProject
Project("{FAE04EC0-301F-11D3-BF4B-00C04F79EFBC}") = "DataHoarder.Modules.Air.Core", "DataHoarder.Modules.Air.Core\DataHoarder.Modules.Air.Core.csproj", "{A2FB1299-6555-42EC-87AA-3D0E3DC2064A}"
EndProject
Global
	GlobalSection(SolutionConfigurationPlatforms) = preSolution
		Debug|Any CPU = Debug|Any CPU
		Release|Any CPU = Release|Any CPU
	EndGlobalSection
	GlobalSection(ProjectConfigurationPlatforms) = postSolution
		{45314DC5-24CA-47F4-A155-454136EFBA56}.Debug|Any CPU.ActiveCfg = Debug|Any CPU
		{45314DC5-24CA-47F4-A155-454136EFBA56}.Debug|Any CPU.Build.0 = Debug|Any CPU
		{45314DC5-24CA-47F4-A155-454136EFBA56}.Release|Any CPU.ActiveCfg = Release|Any CPU
		{45314DC5-24CA-47F4-A155-454136EFBA56}.Release|Any CPU.Build.0 = Release|Any CPU
		{1B6609C8-996D-447B-A57D-D194572967BE}.Debug|Any CPU.ActiveCfg = Debug|Any CPU
		{1B6609C8-996D-447B-A57D-D194572967BE}.Debug|Any CPU.Build.0 = Debug|Any CPU
		{1B6609C8-996D-447B-A57D-D194572967BE}.Release|Any CPU.ActiveCfg = Release|Any CPU
		{1B6609C8-996D-447B-A57D-D194572967BE}.Release|Any CPU.Build.0 = Release|Any CPU
		{D426D988-BC79-4D73-A229-C8815A56BFD6}.Debug|Any CPU.ActiveCfg = Debug|Any CPU
		{D426D988-BC79-4D73-A229-C8815A56BFD6}.Debug|Any CPU.Build.0 = Debug|Any CPU
		{D426D988-BC79-4D73-A229-C8815A56BFD6}.Release|Any CPU.ActiveCfg = Release|Any CPU
		{D426D988-BC79-4D73-A229-C8815A56BFD6}.Release|Any CPU.Build.0 = Release|Any CPU
		{A2FB1299-6555-42EC-87AA-3D0E3DC2064A}.Debug|Any CPU.ActiveCfg = Debug|Any CPU
		{A2FB1299-6555-42EC-87AA-3D0E3DC2064A}.Debug|Any CPU.Build.0 = Debug|Any CPU
		{A2FB1299-6555-42EC-87AA-3D0E3DC2064A}.Release|Any CPU.ActiveCfg = Release|Any CPU
		{A2FB1299-6555-42EC-87AA-3D0E3DC2064A}.Release|Any CPU.Build.0 = Release|Any CPU
	EndGlobalSection
	GlobalSection(SolutionProperties) = preSolution
		HideSolutionNode = FALSE
	EndGlobalSection
	GlobalSection(ExtensibilityGlobals) = postSolution
		SolutionGuid = {5BB55853-3A64-45A9-8215-0E830061FDB6}
	EndGlobalSection
EndGlobal
